
Microsoft Visual Studio Solution File, Format Version 12.00
# Visual Studio Version 16
VisualStudioVersion = 16.0.30804.86
MinimumVisualStudioVersion = 10.0.40219.1
Project("{9A19103F-16F7-4668-BE54-9A1E7A4F7556}") = "KampIntro", "KampIntro\KampIntro.csproj", "{1ECAA636-AE1E-4AE5-8515-77CE5D3616F3}"
EndProject
Project("{9A19103F-16F7-4668-BE54-9A1E7A4F7556}") = "Donguler", "Donguler\Donguler.csproj", "{89212C9D-529D-442B-BC23-CF89CD0BD972}"
EndProject
Project("{9A19103F-16F7-4668-BE54-9A1E7A4F7556}") = "ClassIntro", "ClassIntro\ClassIntro.csproj", "{5EB077EA-C9DF-4F76-806D-9339F5C49196}"
EndProject
Project("{9A19103F-16F7-4668-BE54-9A1E7A4F7556}") = "Metotlar", "Metotlar\Metotlar.csproj", "{3C12825A-7727-485C-BA2A-C6FD786447E3}"
EndProject
Project("{9A19103F-16F7-4668-BE54-9A1E7A4F7556}") = "Matematik", "Matematik\Matematik.csproj", "{0C0AC2EC-FE1E-4F62-ADCC-7E909910B07A}"
EndProject
Project("{9A19103F-16F7-4668-BE54-9A1E7A4F7556}") = "DegerVeReferansTipler", "DegerVeReferansTipler\DegerVeReferansTipler.csproj", "{7FAFC5D6-5BAB-4DEC-94D6-89BB83A54AF6}"
EndProject
Project("{9A19103F-16F7-4668-BE54-9A1E7A4F7556}") = "OOP1", "OOP1\OOP1.csproj", "{843DB534-7F12-4D62-A5A6-B00B76CA7CB5}"
EndProject
Project("{9A19103F-16F7-4668-BE54-9A1E7A4F7556}") = "Koleksiyonlar", "Koleksiyonlar\Koleksiyonlar.csproj", "{0F40A0E0-4D2E-4DA8-85D0-F65A7038C70A}"
EndProject
Project("{9A19103F-16F7-4668-BE54-9A1E7A4F7556}") = "GenericsIntro", "GenericsIntro\GenericsIntro.csproj", "{208CEDE7-41AC-4600-B546-80FEA182F09A}"
EndProject
Project("{FAE04EC0-301F-11D3-BF4B-00C04F79EFBC}") = "OOP2", "OOP2\OOP2.csproj", "{0F191983-98AB-4BE9-9AC8-1E67B67DB57C}"
EndProject
Global
	GlobalSection(SolutionConfigurationPlatforms) = preSolution
		Debug|Any CPU = Debug|Any CPU
		Release|Any CPU = Release|Any CPU
	EndGlobalSection
	GlobalSection(ProjectConfigurationPlatforms) = postSolution
		{1ECAA636-AE1E-4AE5-8515-77CE5D3616F3}.Debug|Any CPU.ActiveCfg = Debug|Any CPU
		{1ECAA636-AE1E-4AE5-8515-77CE5D3616F3}.Debug|Any CPU.Build.0 = Debug|Any CPU
		{1ECAA636-AE1E-4AE5-8515-77CE5D3616F3}.Release|Any CPU.ActiveCfg = Release|Any CPU
		{1ECAA636-AE1E-4AE5-8515-77CE5D3616F3}.Release|Any CPU.Build.0 = Release|Any CPU
		{89212C9D-529D-442B-BC23-CF89CD0BD972}.Debug|Any CPU.ActiveCfg = Debug|Any CPU
		{89212C9D-529D-442B-BC23-CF89CD0BD972}.Debug|Any CPU.Build.0 = Debug|Any CPU
		{89212C9D-529D-442B-BC23-CF89CD0BD972}.Release|Any CPU.ActiveCfg = Release|Any CPU
		{89212C9D-529D-442B-BC23-CF89CD0BD972}.Release|Any CPU.Build.0 = Release|Any CPU
		{5EB077EA-C9DF-4F76-806D-9339F5C49196}.Debug|Any CPU.ActiveCfg = Debug|Any CPU
		{5EB077EA-C9DF-4F76-806D-9339F5C49196}.Debug|Any CPU.Build.0 = Debug|Any CPU
		{5EB077EA-C9DF-4F76-806D-9339F5C49196}.Release|Any CPU.ActiveCfg = Release|Any CPU
		{5EB077EA-C9DF-4F76-806D-9339F5C49196}.Release|Any CPU.Build.0 = Release|Any CPU
		{3C12825A-7727-485C-BA2A-C6FD786447E3}.Debug|Any CPU.ActiveCfg = Debug|Any CPU
		{3C12825A-7727-485C-BA2A-C6FD786447E3}.Debug|Any CPU.Build.0 = Debug|Any CPU
		{3C12825A-7727-485C-BA2A-C6FD786447E3}.Release|Any CPU.ActiveCfg = Release|Any CPU
		{3C12825A-7727-485C-BA2A-C6FD786447E3}.Release|Any CPU.Build.0 = Release|Any CPU
		{0C0AC2EC-FE1E-4F62-ADCC-7E909910B07A}.Debug|Any CPU.ActiveCfg = Debug|Any CPU
		{0C0AC2EC-FE1E-4F62-ADCC-7E909910B07A}.Debug|Any CPU.Build.0 = Debug|Any CPU
		{0C0AC2EC-FE1E-4F62-ADCC-7E909910B07A}.Release|Any CPU.ActiveCfg = Release|Any CPU
		{0C0AC2EC-FE1E-4F62-ADCC-7E909910B07A}.Release|Any CPU.Build.0 = Release|Any CPU
		{7FAFC5D6-5BAB-4DEC-94D6-89BB83A54AF6}.Debug|Any CPU.ActiveCfg = Debug|Any CPU
		{7FAFC5D6-5BAB-4DEC-94D6-89BB83A54AF6}.Debug|Any CPU.Build.0 = Debug|Any CPU
		{7FAFC5D6-5BAB-4DEC-94D6-89BB83A54AF6}.Release|Any CPU.ActiveCfg = Release|Any CPU
		{7FAFC5D6-5BAB-4DEC-94D6-89BB83A54AF6}.Release|Any CPU.Build.0 = Release|Any CPU
		{843DB534-7F12-4D62-A5A6-B00B76CA7CB5}.Debug|Any CPU.ActiveCfg = Debug|Any CPU
		{843DB534-7F12-4D62-A5A6-B00B76CA7CB5}.Debug|Any CPU.Build.0 = Debug|Any CPU
		{843DB534-7F12-4D62-A5A6-B00B76CA7CB5}.Release|Any CPU.ActiveCfg = Release|Any CPU
		{843DB534-7F12-4D62-A5A6-B00B76CA7CB5}.Release|Any CPU.Build.0 = Release|Any CPU
		{0F40A0E0-4D2E-4DA8-85D0-F65A7038C70A}.Debug|Any CPU.ActiveCfg = Debug|Any CPU
		{0F40A0E0-4D2E-4DA8-85D0-F65A7038C70A}.Debug|Any CPU.Build.0 = Debug|Any CPU
		{0F40A0E0-4D2E-4DA8-85D0-F65A7038C70A}.Release|Any CPU.ActiveCfg = Release|Any CPU
		{0F40A0E0-4D2E-4DA8-85D0-F65A7038C70A}.Release|Any CPU.Build.0 = Release|Any CPU
		{208CEDE7-41AC-4600-B546-80FEA182F09A}.Debug|Any CPU.ActiveCfg = Debug|Any CPU
		{208CEDE7-41AC-4600-B546-80FEA182F09A}.Debug|Any CPU.Build.0 = Debug|Any CPU
		{208CEDE7-41AC-4600-B546-80FEA182F09A}.Release|Any CPU.ActiveCfg = Release|Any CPU
		{208CEDE7-41AC-4600-B546-80FEA182F09A}.Release|Any CPU.Build.0 = Release|Any CPU
		{0F191983-98AB-4BE9-9AC8-1E67B67DB57C}.Debug|Any CPU.ActiveCfg = Debug|Any CPU
		{0F191983-98AB-4BE9-9AC8-1E67B67DB57C}.Debug|Any CPU.Build.0 = Debug|Any CPU
		{0F191983-98AB-4BE9-9AC8-1E67B67DB57C}.Release|Any CPU.ActiveCfg = Release|Any CPU
		{0F191983-98AB-4BE9-9AC8-1E67B67DB57C}.Release|Any CPU.Build.0 = Release|Any CPU
	EndGlobalSection
	GlobalSection(SolutionProperties) = preSolution
		HideSolutionNode = FALSE
	EndGlobalSection
	GlobalSection(ExtensibilityGlobals) = postSolution
		SolutionGuid = {0FDB60BA-AB87-42DC-883C-38BBBAA06DF6}
	EndGlobalSection
EndGlobal
