
Microsoft Visual Studio Solution File, Format Version 12.00
# Visual Studio Version 16
VisualStudioVersion = 16.0.30804.86
MinimumVisualStudioVersion = 10.0.40219.1
Project("{9A19103F-16F7-4668-BE54-9A1E7A4F7556}") = "KampIntro", "KampIntro\KampIntro.csproj", "{1ECAA636-AE1E-4AE5-8515-77CE5D3616F3}"
EndProject
Project("{9A19103F-16F7-4668-BE54-9A1E7A4F7556}") = "Donguler", "Donguler\Donguler.csproj", "{89212C9D-529D-442B-BC23-CF89CD0BD972}"
EndProject
Project("{FAE04EC0-301F-11D3-BF4B-00C04F79EFBC}") = "ClassIntro", "ClassIntro\ClassIntro.csproj", "{5EB077EA-C9DF-4F76-806D-9339F5C49196}"
EndProject
Global
	GlobalSection(SolutionConfigurationPlatforms) = preSolution
		Debug|Any CPU = Debug|Any CPU
		Release|Any CPU = Release|Any CPU
	EndGlobalSection
	GlobalSection(ProjectConfigurationPlatforms) = postSolution
		{1ECAA636-AE1E-4AE5-8515-77CE5D3616F3}.Debug|Any CPU.ActiveCfg = Debug|Any CPU
		{1ECAA636-AE1E-4AE5-8515-77CE5D3616F3}.Debug|Any CPU.Build.0 = Debug|Any CPU
		{1ECAA636-AE1E-4AE5-8515-77CE5D3616F3}.Release|Any CPU.ActiveCfg = Release|Any CPU
		{1ECAA636-AE1E-4AE5-8515-77CE5D3616F3}.Release|Any CPU.Build.0 = Release|Any CPU
		{89212C9D-529D-442B-BC23-CF89CD0BD972}.Debug|Any CPU.ActiveCfg = Debug|Any CPU
		{89212C9D-529D-442B-BC23-CF89CD0BD972}.Debug|Any CPU.Build.0 = Debug|Any CPU
		{89212C9D-529D-442B-BC23-CF89CD0BD972}.Release|Any CPU.ActiveCfg = Release|Any CPU
		{89212C9D-529D-442B-BC23-CF89CD0BD972}.Release|Any CPU.Build.0 = Release|Any CPU
		{5EB077EA-C9DF-4F76-806D-9339F5C49196}.Debug|Any CPU.ActiveCfg = Debug|Any CPU
		{5EB077EA-C9DF-4F76-806D-9339F5C49196}.Debug|Any CPU.Build.0 = Debug|Any CPU
		{5EB077EA-C9DF-4F76-806D-9339F5C49196}.Release|Any CPU.ActiveCfg = Release|Any CPU
		{5EB077EA-C9DF-4F76-806D-9339F5C49196}.Release|Any CPU.Build.0 = Release|Any CPU
	EndGlobalSection
	GlobalSection(SolutionProperties) = preSolution
		HideSolutionNode = FALSE
	EndGlobalSection
	GlobalSection(ExtensibilityGlobals) = postSolution
		SolutionGuid = {0FDB60BA-AB87-42DC-883C-38BBBAA06DF6}
	EndGlobalSection
EndGlobal
